{
    "_meta": {
        "hash": {
            "sha256": "4b8f5263158c3064e4277c0f135b91b9201f85536551b9e11504db7374b5952f"
        },
        "pipfile-spec": 6,
        "requires": {
            "python_version": "3.13"
        },
        "sources": [
            {
                "name": "pypi",
                "url": "https://pypi.org/simple",
                "verify_ssl": true
            }
        ]
    },
    "default": {
        "django": {
            "hashes": [
                "sha256:d6b633ec29623e85e49339e05f013d3fa12247b9c3a38d77bfbb2a84e2098679"
            ],
            "version": "==6.0.7"
        }
    },
    "develop": {
        "pytest": {
            "hashes": [
                "sha256:0d5b4a66a1a1c97a5a8e0e6451e0655a62e0a29487faef986e80b2a8d116c21e"
            ],
            "version": "==8.0.0"
        }
    }
}
